{
  "version": 4,
  "terraform_version": "0.15.0",
  "serial": 116,
  "lineage": "2468bfa2-6155-47ee-b031-4953330cc5a2",
  "outputs": {},
  "resources": [
    {
      "mode": "managed",
      "type": "google_cloud_run_service",
      "name": "service",
      "provider": "provider[\"registry.terraform.io/hashicorp/google\"]",
      "instances": [
        {
          "schema_version": 1,
          "attributes": {
            "autogenerate_revision_name": false,
            "id": "locations/europe-west2/namespaces/auto-yfinance/services/scheduled-cloud-run",
            "location": "europe-west2",
            "metadata": [
              {
                "annotations": {
                  "run.googleapis.com/ingress": "all",
                  "run.googleapis.com/ingress-status": "all",
                  "run.googleapis.com/launch-stage": "BETA",
                  "serving.knative.dev/creator": "auto-yfinancebot@auto-yfinance.iam.gserviceaccount.com",
                  "serving.knative.dev/lastModifier": "auto-yfinancebot@auto-yfinance.iam.gserviceaccount.com"
                },
                "generation": 1,
                "labels": {
                  "cloud.googleapis.com/location": "europe-west2"
                },
                "namespace": "auto-yfinance",
                "resource_version": "AAXALbDdxAk",
                "self_link": "/apis/serving.knative.dev/v1/namespaces/1093182111306/services/scheduled-cloud-run",
                "uid": "a66c37aa-f0cf-4cdc-9caa-67dc97e540b7"
              }
            ],
            "name": "scheduled-cloud-run",
            "project": "auto-yfinance",
            "status": [
              {
                "conditions": [
                  {
                    "message": "",
                    "reason": "",
                    "status": "True",
                    "type": "Ready"
                  },
                  {
                    "message": "",
                    "reason": "",
                    "status": "True",
                    "type": "ConfigurationsReady"
                  },
                  {
                    "message": "",
                    "reason": "",
                    "status": "True",
                    "type": "RoutesReady"
                  }
                ],
                "latest_created_revision_name": "scheduled-cloud-run-pzg8c",
                "latest_ready_revision_name": "scheduled-cloud-run-pzg8c",
                "observed_generation": 1,
                "url": "https://scheduled-cloud-run-bdkn4jyl7a-nw.a.run.app"
              }
            ],
            "template": [
              {
                "metadata": [
                  {
                    "annotations": {
                      "autoscaling.knative.dev/maxScale": "100",
                      "run.googleapis.com/sandbox": "gvisor"
                    },
                    "generation": 0,
                    "labels": {},
                    "name": "",
                    "namespace": "",
                    "resource_version": "",
                    "self_link": "",
                    "uid": ""
                  }
                ],
                "spec": [
                  {
                    "container_concurrency": 80,
                    "containers": [
                      {
                        "args": [],
                        "command": [],
                        "env": [],
                        "env_from": [],
                        "image": "eu.gcr.io/auto_yfinance/auto_yfinance",
                        "ports": [
                          {
                            "container_port": 8080,
                            "name": "http1",
                            "protocol": ""
                          }
                        ],
                        "resources": [
                          {
                            "limits": {
                              "cpu": "1000m",
                              "memory": "1024Mi"
                            },
                            "requests": {}
                          }
                        ],
                        "working_dir": ""
                      }
                    ],
                    "service_account_name": "",
                    "serving_state": "",
                    "timeout_seconds": 300
                  }
                ]
              }
            ],
            "timeouts": null,
            "traffic": [
              {
                "latest_revision": true,
                "percent": 100,
                "revision_name": ""
              }
            ]
          },
          "sensitive_attributes": [],
          "private": "eyJlMmJmYjczMC1lY2FhLTExZTYtOGY4OC0zNDM2M2JjN2M0YzAiOnsiY3JlYXRlIjozNjAwMDAwMDAwMDAsImRlbGV0ZSI6MjQwMDAwMDAwMDAwLCJ1cGRhdGUiOjkwMDAwMDAwMDAwMH0sInNjaGVtYV92ZXJzaW9uIjoiMSJ9"
        }
      ]
    },
    {
      "mode": "managed",
      "type": "google_cloud_scheduler_job",
      "name": "job",
      "provider": "provider[\"registry.terraform.io/hashicorp/google\"]",
      "instances": [
        {
          "schema_version": 0,
          "attributes": {
            "app_engine_http_target": [],
            "attempt_deadline": "320s",
            "description": "Trigger the scheduled-cloud-run Cloud Function Every saturday at 10.",
            "http_target": [
              {
                "body": "",
                "headers": {},
                "http_method": "GET",
                "oauth_token": [],
                "oidc_token": [
                  {
                    "audience": "https://scheduled-cloud-run-bdkn4jyl7a-nw.a.run.app/main",
                    "service_account_email": "cloud-run-invoker@auto-yfinance.iam.gserviceaccount.com"
                  }
                ],
                "uri": "https://scheduled-cloud-run-bdkn4jyl7a-nw.a.run.app/main"
              }
            ],
            "id": "projects/auto-yfinance/locations/europe-west2/jobs/cloud-function-scheduler",
            "name": "cloud-function-scheduler",
            "project": "auto-yfinance",
            "pubsub_target": [],
            "region": "europe-west2",
            "retry_config": [],
            "schedule": "* 4 * * 6",
            "time_zone": "Europe/Dublin",
            "timeouts": null
          },
          "sensitive_attributes": [],
          "private": "eyJlMmJmYjczMC1lY2FhLTExZTYtOGY4OC0zNDM2M2JjN2M0YzAiOnsiY3JlYXRlIjoyNDAwMDAwMDAwMDAsImRlbGV0ZSI6MjQwMDAwMDAwMDAwLCJ1cGRhdGUiOjI0MDAwMDAwMDAwMH19",
          "dependencies": [
            "google_cloud_run_service.service",
            "google_service_account.service_account"
          ]
        }
      ]
    },
    {
      "mode": "managed",
      "type": "google_service_account",
      "name": "service_account",
      "provider": "provider[\"registry.terraform.io/hashicorp/google\"]",
      "instances": [
        {
          "schema_version": 0,
          "attributes": {
            "account_id": "cloud-run-invoker",
            "description": "",
            "display_name": "Cloud run Invoker Service Account",
            "email": "cloud-run-invoker@auto-yfinance.iam.gserviceaccount.com",
            "id": "projects/auto-yfinance/serviceAccounts/cloud-run-invoker@auto-yfinance.iam.gserviceaccount.com",
            "name": "projects/auto-yfinance/serviceAccounts/cloud-run-invoker@auto-yfinance.iam.gserviceaccount.com",
            "project": "auto-yfinance",
            "timeouts": null,
            "unique_id": "108609801051035216421"
          },
          "sensitive_attributes": [],
          "private": "eyJlMmJmYjczMC1lY2FhLTExZTYtOGY4OC0zNDM2M2JjN2M0YzAiOnsiY3JlYXRlIjozMDAwMDAwMDAwMDB9fQ=="
        }
      ]
    },
    {
      "mode": "managed",
      "type": "google_storage_bucket",
      "name": "data_bucket",
      "provider": "provider[\"registry.terraform.io/hashicorp/google\"]",
      "instances": [
        {
          "schema_version": 0,
          "attributes": {
            "bucket_policy_only": false,
            "cors": [],
            "default_event_based_hold": false,
            "encryption": [],
            "force_destroy": true,
            "id": "auto-yfinance-data-bucket",
            "labels": {},
            "lifecycle_rule": [],
            "location": "EUROPE-WEST2",
            "logging": [],
            "name": "auto-yfinance-data-bucket",
            "project": "auto-yfinance",
            "requester_pays": false,
            "retention_policy": [],
            "self_link": "https://www.googleapis.com/storage/v1/b/auto-yfinance-data-bucket",
            "storage_class": "STANDARD",
            "uniform_bucket_level_access": false,
            "url": "gs://auto-yfinance-data-bucket",
            "versioning": [],
            "website": []
          },
          "sensitive_attributes": [],
          "private": "bnVsbA=="
        }
      ]
    }
  ]
}
